// !$*UTF8*$!
{
	archiveVersion = 1;
	classes = {
	};
	objectVersion = 50;
	objects = {

/* Begin PBXBuildFile section */
		515E6DFE26C453F000744E18 /* Tests_iOS.swift in Sources */ = {isa = PBXBuildFile; fileRef = 515E6DFD26C453F000744E18 /* Tests_iOS.swift */; };
		515E6E0926C453F000744E18 /* Tests_macOS.swift in Sources */ = {isa = PBXBuildFile; fileRef = 515E6E0826C453F000744E18 /* Tests_macOS.swift */; };
		515E6E0B26C453F000744E18 /* SimpleCounterAppApp.swift in Sources */ = {isa = PBXBuildFile; fileRef = 515E6DE226C453EE00744E18 /* SimpleCounterAppApp.swift */; };
		515E6E0C26C453F000744E18 /* SimpleCounterAppApp.swift in Sources */ = {isa = PBXBuildFile; fileRef = 515E6DE226C453EE00744E18 /* SimpleCounterAppApp.swift */; };
		515E6E0D26C453F000744E18 /* ContentView.swift in Sources */ = {isa = PBXBuildFile; fileRef = 515E6DE326C453EE00744E18 /* ContentView.swift */; };
		515E6E0E26C453F000744E18 /* ContentView.swift in Sources */ = {isa = PBXBuildFile; fileRef = 515E6DE326C453EE00744E18 /* ContentView.swift */; };
		515E6E0F26C453F000744E18 /* Assets.xcassets in Resources */ = {isa = PBXBuildFile; fileRef = 515E6DE426C453F000744E18 /* Assets.xcassets */; };
		515E6E1026C453F000744E18 /* Assets.xcassets in Resources */ = {isa = PBXBuildFile; fileRef = 515E6DE426C453F000744E18 /* Assets.xcassets */; };
/* End PBXBuildFile section */

/* Begin PBXContainerItemProxy section */
		515E6DFA26C453F000744E18 /* PBXContainerItemProxy */ = {
			isa = PBXContainerItemProxy;
			containerPortal = 515E6DDD26C453EE00744E18 /* Project object */;
			proxyType = 1;
			remoteGlobalIDString = 515E6DE826C453F000744E18;
			remoteInfo = "SimpleCounterApp (iOS)";
		};
		515E6E0526C453F000744E18 /* PBXContainerItemProxy */ = {
			isa = PBXContainerItemProxy;
			containerPortal = 515E6DDD26C453EE00744E18 /* Project object */;
			proxyType = 1;
			remoteGlobalIDString = 515E6DF026C453F000744E18;
			remoteInfo = "SimpleCounterApp (macOS)";
		};
/* End PBXContainerItemProxy section */

/* Begin PBXFileReference section */
		515E6DE226C453EE00744E18 /* SimpleCounterAppApp.swift */ = {isa = PBXFileReference; lastKnownFileType = sourcecode.swift; path = SimpleCounterAppApp.swift; sourceTree = "<group>"; };
		515E6DE326C453EE00744E18 /* ContentView.swift */ = {isa = PBXFileReference; lastKnownFileType = sourcecode.swift; path = ContentView.swift; sourceTree = "<group>"; };
		515E6DE426C453F000744E18 /* Assets.xcassets */ = {isa = PBXFileReference; lastKnownFileType = folder.assetcatalog; path = Assets.xcassets; sourceTree = "<group>"; };
		515E6DE926C453F000744E18 /* SimpleCounterApp.app */ = {isa = PBXFileReference; explicitFileType = wrapper.application; includeInIndex = 0; path = SimpleCounterApp.app; sourceTree = BUILT_PRODUCTS_DIR; };
		515E6DEC26C453F000744E18 /* Info.plist */ = {isa = PBXFileReference; lastKnownFileType = text.plist.xml; path = Info.plist; sourceTree = "<group>"; };
		515E6DF126C453F000744E18 /* SimpleCounterApp.app */ = {isa = PBXFileReference; explicitFileType = wrapper.application; includeInIndex = 0; path = SimpleCounterApp.app; sourceTree = BUILT_PRODUCTS_DIR; };
		515E6DF326C453F000744E18 /* Info.plist */ = {isa = PBXFileReference; lastKnownFileType = text.plist.xml; path = Info.plist; sourceTree = "<group>"; };
		515E6DF426C453F000744E18 /* macOS.entitlements */ = {isa = PBXFileReference; lastKnownFileType = text.plist.entitlements; path = macOS.entitlements; sourceTree = "<group>"; };
		515E6DF926C453F000744E18 /* Tests iOS.xctest */ = {isa = PBXFileReference; explicitFileType = wrapper.cfbundle; includeInIndex = 0; path = "Tests iOS.xctest"; sourceTree = BUILT_PRODUCTS_DIR; };
		515E6DFD26C453F000744E18 /* Tests_iOS.swift */ = {isa = PBXFileReference; lastKnownFileType = sourcecode.swift; path = Tests_iOS.swift; sourceTree = "<group>"; };
		515E6DFF26C453F000744E18 /* Info.plist */ = {isa = PBXFileReference; lastKnownFileType = text.plist.xml; path = Info.plist; sourceTree = "<group>"; };
		515E6E0426C453F000744E18 /* Tests macOS.xctest */ = {isa = PBXFileReference; explicitFileType = wrapper.cfbundle; includeInIndex = 0; path = "Tests macOS.xctest"; sourceTree = BUILT_PRODUCTS_DIR; };
		515E6E0826C453F000744E18 /* Tests_macOS.swift */ = {isa = PBXFileReference; lastKnownFileType = sourcecode.swift; path = Tests_macOS.swift; sourceTree = "<group>"; };
		515E6E0A26C453F000744E18 /* Info.plist */ = {isa = PBXFileReference; lastKnownFileType = text.plist.xml; path = Info.plist; sourceTree = "<group>"; };
/* End PBXFileReference section */

/* Begin PBXFrameworksBuildPhase section */
		515E6DE626C453F000744E18 /* Frameworks */ = {
			isa = PBXFrameworksBuildPhase;
			buildActionMask = 2147483647;
			files = (
			);
			runOnlyForDeploymentPostprocessing = 0;
		};
		515E6DEE26C453F000744E18 /* Frameworks */ = {
			isa = PBXFrameworksBuildPhase;
			buildActionMask = 2147483647;
			files = (
			);
			runOnlyForDeploymentPostprocessing = 0;
		};
		515E6DF626C453F000744E18 /* Frameworks */ = {
			isa = PBXFrameworksBuildPhase;
			buildActionMask = 2147483647;
			files = (
			);
			runOnlyForDeploymentPostprocessing = 0;
		};
		515E6E0126C453F000744E18 /* Frameworks */ = {
			isa = PBXFrameworksBuildPhase;
			buildActionMask = 2147483647;
			files = (
			);
			runOnlyForDeploymentPostprocessing = 0;
		};
/* End PBXFrameworksBuildPhase section */

/* Begin PBXGroup section */
		515E6DDC26C453EE00744E18 = {
			isa = PBXGroup;
			children = (
				515E6DE126C453EE00744E18 /* Shared */,
				515E6DEB26C453F000744E18 /* iOS */,
				515E6DF226C453F000744E18 /* macOS */,
				515E6DFC26C453F000744E18 /* Tests iOS */,
				515E6E0726C453F000744E18 /* Tests macOS */,
				515E6DEA26C453F000744E18 /* Products */,
			);
			sourceTree = "<group>";
		};
		515E6DE126C453EE00744E18 /* Shared */ = {
			isa = PBXGroup;
			children = (
				515E6DE226C453EE00744E18 /* SimpleCounterAppApp.swift */,
				515E6DE326C453EE00744E18 /* ContentView.swift */,
				515E6DE426C453F000744E18 /* Assets.xcassets */,
			);
			path = Shared;
			sourceTree = "<group>";
		};
		515E6DEA26C453F000744E18 /* Products */ = {
			isa = PBXGroup;
			children = (
				515E6DE926C453F000744E18 /* SimpleCounterApp.app */,
				515E6DF126C453F000744E18 /* SimpleCounterApp.app */,
				515E6DF926C453F000744E18 /* Tests iOS.xctest */,
				515E6E0426C453F000744E18 /* Tests macOS.xctest */,
			);
			name = Products;
			sourceTree = "<group>";
		};
		515E6DEB26C453F000744E18 /* iOS */ = {
			isa = PBXGroup;
			children = (
				515E6DEC26C453F000744E18 /* Info.plist */,
			);
			path = iOS;
			sourceTree = "<group>";
		};
		515E6DF226C453F000744E18 /* macOS */ = {
			isa = PBXGroup;
			children = (
				515E6DF326C453F000744E18 /* Info.plist */,
				515E6DF426C453F000744E18 /* macOS.entitlements */,
			);
			path = macOS;
			sourceTree = "<group>";
		};
		515E6DFC26C453F000744E18 /* Tests iOS */ = {
			isa = PBXGroup;
			children = (
				515E6DFD26C453F000744E18 /* Tests_iOS.swift */,
				515E6DFF26C453F000744E18 /* Info.plist */,
			);
			path = "Tests iOS";
			sourceTree = "<group>";
		};
		515E6E0726C453F000744E18 /* Tests macOS */ = {
			isa = PBXGroup;
			children = (
				515E6E0826C453F000744E18 /* Tests_macOS.swift */,
				515E6E0A26C453F000744E18 /* Info.plist */,
			);
			path = "Tests macOS";
			sourceTree = "<group>";
		};
/* End PBXGroup section */

/* Begin PBXNativeTarget section */
		515E6DE826C453F000744E18 /* SimpleCounterApp (iOS) */ = {
			isa = PBXNativeTarget;
			buildConfigurationList = 515E6E1326C453F000744E18 /* Build configuration list for PBXNativeTarget "SimpleCounterApp (iOS)" */;
			buildPhases = (
				515E6DE526C453F000744E18 /* Sources */,
				515E6DE626C453F000744E18 /* Frameworks */,
				515E6DE726C453F000744E18 /* Resources */,
			);
			buildRules = (
			);
			dependencies = (
			);
			name = "SimpleCounterApp (iOS)";
			productName = "SimpleCounterApp (iOS)";
			productReference = 515E6DE926C453F000744E18 /* SimpleCounterApp.app */;
			productType = "com.apple.product-type.application";
		};
		515E6DF026C453F000744E18 /* SimpleCounterApp (macOS) */ = {
			isa = PBXNativeTarget;
			buildConfigurationList = 515E6E1626C453F000744E18 /* Build configuration list for PBXNativeTarget "SimpleCounterApp (macOS)" */;
			buildPhases = (
				515E6DED26C453F000744E18 /* Sources */,
				515E6DEE26C453F000744E18 /* Frameworks */,
				515E6DEF26C453F000744E18 /* Resources */,
			);
			buildRules = (
			);
			dependencies = (
			);
			name = "SimpleCounterApp (macOS)";
			productName = "SimpleCounterApp (macOS)";
			productReference = 515E6DF126C453F000744E18 /* SimpleCounterApp.app */;
			productType = "com.apple.product-type.application";
		};
		515E6DF826C453F000744E18 /* Tests iOS */ = {
			isa = PBXNativeTarget;
			buildConfigurationList = 515E6E1926C453F000744E18 /* Build configuration list for PBXNativeTarget "Tests iOS" */;
			buildPhases = (
				515E6DF526C453F000744E18 /* Sources */,
				515E6DF626C453F000744E18 /* Frameworks */,
				515E6DF726C453F000744E18 /* Resources */,
			);
			buildRules = (
			);
			dependencies = (
				515E6DFB26C453F000744E18 /* PBXTargetDependency */,
			);
			name = "Tests iOS";
			productName = "Tests iOS";
			productReference = 515E6DF926C453F000744E18 /* Tests iOS.xctest */;
			productType = "com.apple.product-type.bundle.ui-testing";
		};
		515E6E0326C453F000744E18 /* Tests macOS */ = {
			isa = PBXNativeTarget;
			buildConfigurationList = 515E6E1C26C453F000744E18 /* Build configuration list for PBXNativeTarget "Tests macOS" */;
			buildPhases = (
				515E6E0026C453F000744E18 /* Sources */,
				515E6E0126C453F000744E18 /* Frameworks */,
				515E6E0226C453F000744E18 /* Resources */,
			);
			buildRules = (
			);
			dependencies = (
				515E6E0626C453F000744E18 /* PBXTargetDependency */,
			);
			name = "Tests macOS";
			productName = "Tests macOS";
			productReference = 515E6E0426C453F000744E18 /* Tests macOS.xctest */;
			productType = "com.apple.product-type.bundle.ui-testing";
		};
/* End PBXNativeTarget section */

/* Begin PBXProject section */
		515E6DDD26C453EE00744E18 /* Project object */ = {
			isa = PBXProject;
			attributes = {
				LastSwiftUpdateCheck = 1250;
				LastUpgradeCheck = 1250;
				TargetAttributes = {
					515E6DE826C453F000744E18 = {
						CreatedOnToolsVersion = 12.5.1;
					};
					515E6DF026C453F000744E18 = {
						CreatedOnToolsVersion = 12.5.1;
					};
					515E6DF826C453F000744E18 = {
						CreatedOnToolsVersion = 12.5.1;
						TestTargetID = 515E6DE826C453F000744E18;
					};
					515E6E0326C453F000744E18 = {
						CreatedOnToolsVersion = 12.5.1;
						TestTargetID = 515E6DF026C453F000744E18;
					};
				};
			};
			buildConfigurationList = 515E6DE026C453EE00744E18 /* Build configuration list for PBXProject "SimpleCounterApp" */;
			compatibilityVersion = "Xcode 9.3";
			developmentRegion = en;
			hasScannedForEncodings = 0;
			knownRegions = (
				en,
				Base,
			);
			mainGroup = 515E6DDC26C453EE00744E18;
			productRefGroup = 515E6DEA26C453F000744E18 /* Products */;
			projectDirPath = "";
			projectRoot = "";
			targets = (
				515E6DE826C453F000744E18 /* SimpleCounterApp (iOS) */,
				515E6DF026C453F000744E18 /* SimpleCounterApp (macOS) */,
				515E6DF826C453F000744E18 /* Tests iOS */,
				515E6E0326C453F000744E18 /* Tests macOS */,
			);
		};
/* End PBXProject section */

/* Begin PBXResourcesBuildPhase section */
		515E6DE726C453F000744E18 /* Resources */ = {
			isa = PBXResourcesBuildPhase;
			buildActionMask = 2147483647;
			files = (
				515E6E0F26C453F000744E18 /* Assets.xcassets in Resources */,
			);
			runOnlyForDeploymentPostprocessing = 0;
		};
		515E6DEF26C453F000744E18 /* Resources */ = {
			isa = PBXResourcesBuildPhase;
			buildActionMask = 2147483647;
			files = (
				515E6E1026C453F000744E18 /* Assets.xcassets in Resources */,
			);
			runOnlyForDeploymentPostprocessing = 0;
		};
		515E6DF726C453F000744E18 /* Resources */ = {
			isa = PBXResourcesBuildPhase;
			buildActionMask = 2147483647;
			files = (
			);
			runOnlyForDeploymentPostprocessing = 0;
		};
		515E6E0226C453F000744E18 /* Resources */ = {
			isa = PBXResourcesBuildPhase;
			buildActionMask = 2147483647;
			files = (
			);
			runOnlyForDeploymentPostprocessing = 0;
		};
/* End PBXResourcesBuildPhase section */

/* Begin PBXSourcesBuildPhase section */
		515E6DE526C453F000744E18 /* Sources */ = {
			isa = PBXSourcesBuildPhase;
			buildActionMask = 2147483647;
			files = (
				515E6E0D26C453F000744E18 /* ContentView.swift in Sources */,
				515E6E0B26C453F000744E18 /* SimpleCounterAppApp.swift in Sources */,
			);
			runOnlyForDeploymentPostprocessing = 0;
		};
		515E6DED26C453F000744E18 /* Sources */ = {
			isa = PBXSourcesBuildPhase;
			buildActionMask = 2147483647;
			files = (
				515E6E0E26C453F000744E18 /* ContentView.swift in Sources */,
				515E6E0C26C453F000744E18 /* SimpleCounterAppApp.swift in Sources */,
			);
			runOnlyForDeploymentPostprocessing = 0;
		};
		515E6DF526C453F000744E18 /* Sources */ = {
			isa = PBXSourcesBuildPhase;
			buildActionMask = 2147483647;
			files = (
				515E6DFE26C453F000744E18 /* Tests_iOS.swift in Sources */,
			);
			runOnlyForDeploymentPostprocessing = 0;
		};
		515E6E0026C453F000744E18 /* Sources */ = {
			isa = PBXSourcesBuildPhase;
			buildActionMask = 2147483647;
			files = (
				515E6E0926C453F000744E18 /* Tests_macOS.swift in Sources */,
			);
			runOnlyForDeploymentPostprocessing = 0;
		};
/* End PBXSourcesBuildPhase section */

/* Begin PBXTargetDependency section */
		515E6DFB26C453F000744E18 /* PBXTargetDependency */ = {
			isa = PBXTargetDependency;
			target = 515E6DE826C453F000744E18 /* SimpleCounterApp (iOS) */;
			targetProxy = 515E6DFA26C453F000744E18 /* PBXContainerItemProxy */;
		};
		515E6E0626C453F000744E18 /* PBXTargetDependency */ = {
			isa = PBXTargetDependency;
			target = 515E6DF026C453F000744E18 /* SimpleCounterApp (macOS) */;
			targetProxy = 515E6E0526C453F000744E18 /* PBXContainerItemProxy */;
		};
/* End PBXTargetDependency section */

/* Begin XCBuildConfiguration section */
		515E6E1126C453F000744E18 /* Debug */ = {
			isa = XCBuildConfiguration;
			buildSettings = {
				ALWAYS_SEARCH_USER_PATHS = NO;
				CLANG_ANALYZER_NONNULL = YES;
				CLANG_ANALYZER_NUMBER_OBJECT_CONVERSION = YES_AGGRESSIVE;
				CLANG_CXX_LANGUAGE_STANDARD = "gnu++14";
				CLANG_CXX_LIBRARY = "libc++";
				CLANG_ENABLE_MODULES = YES;
				CLANG_ENABLE_OBJC_ARC = YES;
				CLANG_ENABLE_OBJC_WEAK = YES;
				CLANG_WARN_BLOCK_CAPTURE_AUTORELEASING = YES;
				CLANG_WARN_BOOL_CONVERSION = YES;
				CLANG_WARN_COMMA = YES;
				CLANG_WARN_CONSTANT_CONVERSION = YES;
				CLANG_WARN_DEPRECATED_OBJC_IMPLEMENTATIONS = YES;
				CLANG_WARN_DIRECT_OBJC_ISA_USAGE = YES_ERROR;
				CLANG_WARN_DOCUMENTATION_COMMENTS = YES;
				CLANG_WARN_EMPTY_BODY = YES;
				CLANG_WARN_ENUM_CONVERSION = YES;
				CLANG_WARN_INFINITE_RECURSION = YES;
				CLANG_WARN_INT_CONVERSION = YES;
				CLANG_WARN_NON_LITERAL_NULL_CONVERSION = YES;
				CLANG_WARN_OBJC_IMPLICIT_RETAIN_SELF = YES;
				CLANG_WARN_OBJC_LITERAL_CONVERSION = YES;
				CLANG_WARN_OBJC_ROOT_CLASS = YES_ERROR;
				CLANG_WARN_QUOTED_INCLUDE_IN_FRAMEWORK_HEADER = YES;
				CLANG_WARN_RANGE_LOOP_ANALYSIS = YES;
				CLANG_WARN_STRICT_PROTOTYPES = YES;
				CLANG_WARN_SUSPICIOUS_MOVE = YES;
				CLANG_WARN_UNGUARDED_AVAILABILITY = YES_AGGRESSIVE;
				CLANG_WARN_UNREACHABLE_CODE = YES;
				CLANG_WARN__DUPLICATE_METHOD_MATCH = YES;
				COPY_PHASE_STRIP = NO;
				DEBUG_INFORMATION_FORMAT = dwarf;
				ENABLE_STRICT_OBJC_MSGSEND = YES;
				ENABLE_TESTABILITY = YES;
				GCC_C_LANGUAGE_STANDARD = gnu11;
				GCC_DYNAMIC_NO_PIC = NO;
				GCC_NO_COMMON_BLOCKS = YES;
				GCC_OPTIMIZATION_LEVEL = 0;
				GCC_PREPROCESSOR_DEFINITIONS = (
					"DEBUG=1",
					"$(inherited)",
				);
				GCC_WARN_64_TO_32_BIT_CONVERSION = YES;
				GCC_WARN_ABOUT_RETURN_TYPE = YES_ERROR;
				GCC_WARN_UNDECLARED_SELECTOR = YES;
				GCC_WARN_UNINITIALIZED_AUTOS = YES_AGGRESSIVE;
				GCC_WARN_UNUSED_FUNCTION = YES;
				GCC_WARN_UNUSED_VARIABLE = YES;
				MTL_ENABLE_DEBUG_INFO = INCLUDE_SOURCE;
				MTL_FAST_MATH = YES;
				ONLY_ACTIVE_ARCH = YES;
				SWIFT_ACTIVE_COMPILATION_CONDITIONS = DEBUG;
				SWIFT_OPTIMIZATION_LEVEL = "-Onone";
			};
			name = Debug;
		};
		515E6E1226C453F000744E18 /* Release */ = {
			isa = XCBuildConfiguration;
			buildSettings = {
				ALWAYS_SEARCH_USER_PATHS = NO;
				CLANG_ANALYZER_NONNULL = YES;
				CLANG_ANALYZER_NUMBER_OBJECT_CONVERSION = YES_AGGRESSIVE;
				CLANG_CXX_LANGUAGE_STANDARD = "gnu++14";
				CLANG_CXX_LIBRARY = "libc++";
				CLANG_ENABLE_MODULES = YES;
				CLANG_ENABLE_OBJC_ARC = YES;
				CLANG_ENABLE_OBJC_WEAK = YES;
				CLANG_WARN_BLOCK_CAPTURE_AUTORELEASING = YES;
				CLANG_WARN_BOOL_CONVERSION = YES;
				CLANG_WARN_COMMA = YES;
				CLANG_WARN_CONSTANT_CONVERSION = YES;
				CLANG_WARN_DEPRECATED_OBJC_IMPLEMENTATIONS = YES;
				CLANG_WARN_DIRECT_OBJC_ISA_USAGE = YES_ERROR;
				CLANG_WARN_DOCUMENTATION_COMMENTS = YES;
				CLANG_WARN_EMPTY_BODY = YES;
				CLANG_WARN_ENUM_CONVERSION = YES;
				CLANG_WARN_INFINITE_RECURSION = YES;
				CLANG_WARN_INT_CONVERSION = YES;
				CLANG_WARN_NON_LITERAL_NULL_CONVERSION = YES;
				CLANG_WARN_OBJC_IMPLICIT_RETAIN_SELF = YES;
				CLANG_WARN_OBJC_LITERAL_CONVERSION = YES;
				CLANG_WARN_OBJC_ROOT_CLASS = YES_ERROR;
				CLANG_WARN_QUOTED_INCLUDE_IN_FRAMEWORK_HEADER = YES;
				CLANG_WARN_RANGE_LOOP_ANALYSIS = YES;
				CLANG_WARN_STRICT_PROTOTYPES = YES;
				CLANG_WARN_SUSPICIOUS_MOVE = YES;
				CLANG_WARN_UNGUARDED_AVAILABILITY = YES_AGGRESSIVE;
				CLANG_WARN_UNREACHABLE_CODE = YES;
				CLANG_WARN__DUPLICATE_METHOD_MATCH = YES;
				COPY_PHASE_STRIP = NO;
				DEBUG_INFORMATION_FORMAT = "dwarf-with-dsym";
				ENABLE_NS_ASSERTIONS = NO;
				ENABLE_STRICT_OBJC_MSGSEND = YES;
				GCC_C_LANGUAGE_STANDARD = gnu11;
				GCC_NO_COMMON_BLOCKS = YES;
				GCC_WARN_64_TO_32_BIT_CONVERSION = YES;
				GCC_WARN_ABOUT_RETURN_TYPE = YES_ERROR;
				GCC_WARN_UNDECLARED_SELECTOR = YES;
				GCC_WARN_UNINITIALIZED_AUTOS = YES_AGGRESSIVE;
				GCC_WARN_UNUSED_FUNCTION = YES;
				GCC_WARN_UNUSED_VARIABLE = YES;
				MTL_ENABLE_DEBUG_INFO = NO;
				MTL_FAST_MATH = YES;
				SWIFT_COMPILATION_MODE = wholemodule;
				SWIFT_OPTIMIZATION_LEVEL = "-O";
			};
			name = Release;
		};
		515E6E1426C453F000744E18 /* Debug */ = {
			isa = XCBuildConfiguration;
			buildSettings = {
				ASSETCATALOG_COMPILER_APPICON_NAME = AppIcon;
				ASSETCATALOG_COMPILER_GLOBAL_ACCENT_COLOR_NAME = AccentColor;
				CODE_SIGN_STYLE = Automatic;
				DEVELOPMENT_TEAM = 4DR94A2ZZP;
				ENABLE_PREVIEWS = YES;
				INFOPLIST_FILE = iOS/Info.plist;
				IPHONEOS_DEPLOYMENT_TARGET = 14.0;
				LD_RUNPATH_SEARCH_PATHS = (
					"$(inherited)",
					"@executable_path/Frameworks",
				);
				PRODUCT_BUNDLE_IDENTIFIER = "Brian-Lechthaler.SimpleCounterApp";
				PRODUCT_NAME = SimpleCounterApp;
				SDKROOT = iphoneos;
				SWIFT_VERSION = 5.0;
				TARGETED_DEVICE_FAMILY = "1,2";
			};
			name = Debug;
		};
		515E6E1526C453F000744E18 /* Release */ = {
			isa = XCBuildConfiguration;
			buildSettings = {
				ASSETCATALOG_COMPILER_APPICON_NAME = AppIcon;
				ASSETCATALOG_COMPILER_GLOBAL_ACCENT_COLOR_NAME = AccentColor;
				CODE_SIGN_STYLE = Automatic;
				DEVELOPMENT_TEAM = 4DR94A2ZZP;
				ENABLE_PREVIEWS = YES;
				INFOPLIST_FILE = iOS/Info.plist;
				IPHONEOS_DEPLOYMENT_TARGET = 14.0;
				LD_RUNPATH_SEARCH_PATHS = (
					"$(inherited)",
					"@executable_path/Frameworks",
				);
				PRODUCT_BUNDLE_IDENTIFIER = "Brian-Lechthaler.SimpleCounterApp";
				PRODUCT_NAME = SimpleCounterApp;
				SDKROOT = iphoneos;
				SWIFT_VERSION = 5.0;
				TARGETED_DEVICE_FAMILY = "1,2";
				VALIDATE_PRODUCT = YES;
			};
			name = Release;
		};
		515E6E1726C453F000744E18 /* Debug */ = {
			isa = XCBuildConfiguration;
			buildSettings = {
				ASSETCATALOG_COMPILER_APPICON_NAME = AppIcon;
				ASSETCATALOG_COMPILER_GLOBAL_ACCENT_COLOR_NAME = AccentColor;
				CODE_SIGN_ENTITLEMENTS = macOS/macOS.entitlements;
				CODE_SIGN_STYLE = Automatic;
				COMBINE_HIDPI_IMAGES = YES;
				DEVELOPMENT_TEAM = 4DR94A2ZZP;
				ENABLE_HARDENED_RUNTIME = YES;
				ENABLE_PREVIEWS = YES;
				INFOPLIST_FILE = macOS/Info.plist;
				LD_RUNPATH_SEARCH_PATHS = (
					"$(inherited)",
					"@executable_path/../Frameworks",
				);
				MACOSX_DEPLOYMENT_TARGET = 11.0;
				PRODUCT_BUNDLE_IDENTIFIER = "Brian-Lechthaler.SimpleCounterApp";
				PRODUCT_NAME = SimpleCounterApp;
				SDKROOT = macosx;
				SWIFT_VERSION = 5.0;
			};
			name = Debug;
		};
		515E6E1826C453F000744E18 /* Release */ = {
			isa = XCBuildConfiguration;
			buildSettings = {
				ASSETCATALOG_COMPILER_APPICON_NAME = AppIcon;
				ASSETCATALOG_COMPILER_GLOBAL_ACCENT_COLOR_NAME = AccentColor;
				CODE_SIGN_ENTITLEMENTS = macOS/macOS.entitlements;
				CODE_SIGN_STYLE = Automatic;
				COMBINE_HIDPI_IMAGES = YES;
				DEVELOPMENT_TEAM = 4DR94A2ZZP;
				ENABLE_HARDENED_RUNTIME = YES;
				ENABLE_PREVIEWS = YES;
				INFOPLIST_FILE = macOS/Info.plist;
				LD_RUNPATH_SEARCH_PATHS = (
					"$(inherited)",
					"@executable_path/../Frameworks",
				);
				MACOSX_DEPLOYMENT_TARGET = 11.0;
				PRODUCT_BUNDLE_IDENTIFIER = "Brian-Lechthaler.SimpleCounterApp";
				PRODUCT_NAME = SimpleCounterApp;
				SDKROOT = macosx;
				SWIFT_VERSION = 5.0;
			};
			name = Release;
		};
		515E6E1A26C453F000744E18 /* Debug */ = {
			isa = XCBuildConfiguration;
			buildSettings = {
				ALWAYS_EMBED_SWIFT_STANDARD_LIBRARIES = YES;
				CODE_SIGN_STYLE = Automatic;
				DEVELOPMENT_TEAM = 4DR94A2ZZP;
				INFOPLIST_FILE = "Tests iOS/Info.plist";
				IPHONEOS_DEPLOYMENT_TARGET = 14.5;
				LD_RUNPATH_SEARCH_PATHS = (
					"$(inherited)",
					"@executable_path/Frameworks",
					"@loader_path/Frameworks",
				);
				PRODUCT_BUNDLE_IDENTIFIER = "Brian-Lechthaler.Tests-iOS";
				PRODUCT_NAME = "$(TARGET_NAME)";
				SDKROOT = iphoneos;
				SWIFT_VERSION = 5.0;
				TARGETED_DEVICE_FAMILY = "1,2";
				TEST_TARGET_NAME = "SimpleCounterApp (iOS)";
			};
			name = Debug;
		};
		515E6E1B26C453F000744E18 /* Release */ = {
			isa = XCBuildConfiguration;
			buildSettings = {
				ALWAYS_EMBED_SWIFT_STANDARD_LIBRARIES = YES;
				CODE_SIGN_STYLE = Automatic;
				DEVELOPMENT_TEAM = 4DR94A2ZZP;
				INFOPLIST_FILE = "Tests iOS/Info.plist";
				IPHONEOS_DEPLOYMENT_TARGET = 14.5;
				LD_RUNPATH_SEARCH_PATHS = (
					"$(inherited)",
					"@executable_path/Frameworks",
					"@loader_path/Frameworks",
				);
				PRODUCT_BUNDLE_IDENTIFIER = "Brian-Lechthaler.Tests-iOS";
				PRODUCT_NAME = "$(TARGET_NAME)";
				SDKROOT = iphoneos;
				SWIFT_VERSION = 5.0;
				TARGETED_DEVICE_FAMILY = "1,2";
				TEST_TARGET_NAME = "SimpleCounterApp (iOS)";
				VALIDATE_PRODUCT = YES;
			};
			name = Release;
		};
		515E6E1D26C453F000744E18 /* Debug */ = {
			isa = XCBuildConfiguration;
			buildSettings = {
				ALWAYS_EMBED_SWIFT_STANDARD_LIBRARIES = YES;
				CODE_SIGN_STYLE = Automatic;
				COMBINE_HIDPI_IMAGES = YES;
				DEVELOPMENT_TEAM = 4DR94A2ZZP;
				INFOPLIST_FILE = "Tests macOS/Info.plist";
				LD_RUNPATH_SEARCH_PATHS = (
					"$(inherited)",
					"@executable_path/../Frameworks",
					"@loader_path/../Frameworks",
				);
				MACOSX_DEPLOYMENT_TARGET = 11.3;
				PRODUCT_BUNDLE_IDENTIFIER = "Brian-Lechthaler.Tests-macOS";
				PRODUCT_NAME = "$(TARGET_NAME)";
				SDKROOT = macosx;
				SWIFT_VERSION = 5.0;
				TEST_TARGET_NAME = "SimpleCounterApp (macOS)";
			};
			name = Debug;
		};
		515E6E1E26C453F000744E18 /* Release */ = {
			isa = XCBuildConfiguration;
			buildSettings = {
				ALWAYS_EMBED_SWIFT_STANDARD_LIBRARIES = YES;
				CODE_SIGN_STYLE = Automatic;
				COMBINE_HIDPI_IMAGES = YES;
				DEVELOPMENT_TEAM = 4DR94A2ZZP;
				INFOPLIST_FILE = "Tests macOS/Info.plist";
				LD_RUNPATH_SEARCH_PATHS = (
					"$(inherited)",
					"@executable_path/../Frameworks",
					"@loader_path/../Frameworks",
				);
				MACOSX_DEPLOYMENT_TARGET = 11.3;
				PRODUCT_BUNDLE_IDENTIFIER = "Brian-Lechthaler.Tests-macOS";
				PRODUCT_NAME = "$(TARGET_NAME)";
				SDKROOT = macosx;
				SWIFT_VERSION = 5.0;
				TEST_TARGET_NAME = "SimpleCounterApp (macOS)";
			};
			name = Release;
		};
/* End XCBuildConfiguration section */

/* Begin XCConfigurationList section */
		515E6DE026C453EE00744E18 /* Build configuration list for PBXProject "SimpleCounterApp" */ = {
			isa = XCConfigurationList;
			buildConfigurations = (
				515E6E1126C453F000744E18 /* Debug */,
				515E6E1226C453F000744E18 /* Release */,
			);
			defaultConfigurationIsVisible = 0;
			defaultConfigurationName = Release;
		};
		515E6E1326C453F000744E18 /* Build configuration list for PBXNativeTarget "SimpleCounterApp (iOS)" */ = {
			isa = XCConfigurationList;
			buildConfigurations = (
				515E6E1426C453F000744E18 /* Debug */,
				515E6E1526C453F000744E18 /* Release */,
			);
			defaultConfigurationIsVisible = 0;
			defaultConfigurationName = Release;
		};
		515E6E1626C453F000744E18 /* Build configuration list for PBXNativeTarget "SimpleCounterApp (macOS)" */ = {
			isa = XCConfigurationList;
			buildConfigurations = (
				515E6E1726C453F000744E18 /* Debug */,
				515E6E1826C453F000744E18 /* Release */,
			);
			defaultConfigurationIsVisible = 0;
			defaultConfigurationName = Release;
		};
		515E6E1926C453F000744E18 /* Build configuration list for PBXNativeTarget "Tests iOS" */ = {
			isa = XCConfigurationList;
			buildConfigurations = (
				515E6E1A26C453F000744E18 /* Debug */,
				515E6E1B26C453F000744E18 /* Release */,
			);
			defaultConfigurationIsVisible = 0;
			defaultConfigurationName = Release;
		};
		515E6E1C26C453F000744E18 /* Build configuration list for PBXNativeTarget "Tests macOS" */ = {
			isa = XCConfigurationList;
			buildConfigurations = (
				515E6E1D26C453F000744E18 /* Debug */,
				515E6E1E26C453F000744E18 /* Release */,
			);
			defaultConfigurationIsVisible = 0;
			defaultConfigurationName = Release;
		};
/* End XCConfigurationList section */
	};
	rootObject = 515E6DDD26C453EE00744E18 /* Project object */;
}
